
Microsoft Visual Studio Solution File, Format Version 12.00
# Visual Studio Version 17
VisualStudioVersion = 17.6.33723.286
MinimumVisualStudioVersion = 10.0.40219.1
Project("{FAE04EC0-301F-11D3-BF4B-00C04F79EFBC}") = "ImageProcessorFunction", "ImageProcessorFunction.csproj", "{F516F234-73ED-4230-B569-B1E4AE98AB99}"
EndProject
Global
	GlobalSection(SolutionConfigurationPlatforms) = preSolution
		Debug|Any CPU = Debug|Any CPU
		Release|Any CPU = Release|Any CPU
	EndGlobalSection
	GlobalSection(ProjectConfigurationPlatforms) = postSolution
		{F516F234-73ED-4230-B569-B1E4AE98AB99}.Debug|Any CPU.ActiveCfg = Debug|Any CPU
		{F516F234-73ED-4230-B569-B1E4AE98AB99}.Debug|Any CPU.Build.0 = Debug|Any CPU
		{F516F234-73ED-4230-B569-B1E4AE98AB99}.Release|Any CPU.ActiveCfg = Release|Any CPU
		{F516F234-73ED-4230-B569-B1E4AE98AB99}.Release|Any CPU.Build.0 = Release|Any CPU
	EndGlobalSection
	GlobalSection(SolutionProperties) = preSolution
		HideSolutionNode = FALSE
	EndGlobalSection
	GlobalSection(ExtensibilityGlobals) = postSolution
		SolutionGuid = {C2E7F471-4C49-4FFD-ACCF-9E63602E80B6}
	EndGlobalSection
EndGlobal
