
Microsoft Visual Studio Solution File, Format Version 12.00
# Visual Studio Version 17
VisualStudioVersion = 17.6.33723.286
MinimumVisualStudioVersion = 10.0.40219.1
Project("{9A19103F-16F7-4668-BE54-9A1E7A4F7556}") = "MyInventory.Api", "Api\MyInventory.Api.csproj", "{2A7F9D7B-357B-40E0-9115-D511AFA1225C}"
EndProject
Global
	GlobalSection(SolutionConfigurationPlatforms) = preSolution
		Debug|Any CPU = Debug|Any CPU
		Release|Any CPU = Release|Any CPU
	EndGlobalSection
	GlobalSection(ProjectConfigurationPlatforms) = postSolution
		{2A7F9D7B-357B-40E0-9115-D511AFA1225C}.Debug|Any CPU.ActiveCfg = Debug|Any CPU
		{2A7F9D7B-357B-40E0-9115-D511AFA1225C}.Debug|Any CPU.Build.0 = Debug|Any CPU
		{2A7F9D7B-357B-40E0-9115-D511AFA1225C}.Release|Any CPU.ActiveCfg = Release|Any CPU
		{2A7F9D7B-357B-40E0-9115-D511AFA1225C}.Release|Any CPU.Build.0 = Release|Any CPU
	EndGlobalSection
	GlobalSection(SolutionProperties) = preSolution
		HideSolutionNode = FALSE
	EndGlobalSection
	GlobalSection(ExtensibilityGlobals) = postSolution
		SolutionGuid = {1593AC69-090B-449A-9FAA-77F46D72EE01}
	EndGlobalSection
EndGlobal
